# This file is generated by running "yarn install" inside your project.
# Manual changes might be lost - proceed with caution!

__metadata:
  version: 4

"accepts@npm:~1.3.7":
  version: 1.3.7
  resolution: "accepts@npm:1.3.7"
  dependencies:
    mime-types: ~2.1.24
    negotiator: 0.6.2
  checksum: 1cc69aea0c58440b645f4e14f0d4d55a1236258e54ceacd31cd9efdf62eda36d35bc324560af95efad15c082681510f9e7601403ce8ee32a811a809946f9e433
  languageName: node
  linkType: hard

"array-flatten@npm:1.1.1":
  version: 1.1.1
  resolution: "array-flatten@npm:1.1.1"
  checksum: 9b53b90c6553dac52279cbaeb682db3c8d89dfb6ffa82ce08ba3b0333a3e81e9747cc14daaa0e705a3193879dada635b6994b85846cb99d3275d0839bb61ad15
  languageName: node
  linkType: hard

"bl@npm:^2.2.0":
  version: 2.2.0
  resolution: "bl@npm:2.2.0"
  dependencies:
    readable-stream: ^2.3.5
    safe-buffer: ^5.1.1
  checksum: 8e3c98d5e47c28732d3edfa9a65573b716cd1f9a3055657a0e42c259ef387505a882e9c07399e8e2d236a26601828e2c1fabb8293656d71c9a0b64c5042b0bf2
  languageName: node
  linkType: hard

"bluebird@npm:3.5.1":
  version: 3.5.1
  resolution: "bluebird@npm:3.5.1"
  checksum: 2a88420b4b4e6331d925df0007ddbca47ff179ed6304fb108904ec0b92d3469c55394cb61a0841c6296a1c08dd14fb930aecfc6014a766fd566766775c65c6aa
  languageName: node
  linkType: hard

"body-parser@npm:1.19.0":
  version: 1.19.0
  resolution: "body-parser@npm:1.19.0"
  dependencies:
    bytes: 3.1.0
    content-type: ~1.0.4
    debug: 2.6.9
    depd: ~1.1.2
    http-errors: 1.7.2
    iconv-lite: 0.4.24
    on-finished: ~2.3.0
    qs: 6.7.0
    raw-body: 2.4.0
    type-is: ~1.6.17
  checksum: ff8b98d8be53b56938ae2e344feae9d5551aa5d6acabeed98c39ef0386a684685d6cfc9a1ca165d0ba9a4b23a20df60546ee4438079da6749d0f77e37abf2fdc
  languageName: node
  linkType: hard

"bson@npm:^1.1.1, bson@npm:~1.1.1":
  version: 1.1.3
  resolution: "bson@npm:1.1.3"
  checksum: e5e917a91bca55bade8287f109ba6461acfd71fb6a02b2f755f1abb08667294f00eff162aae93e8b17702cd2a19f14f0e5c0efc475e7fd2cefb4fc8b51443339
  languageName: node
  linkType: hard

"bytes@npm:3.1.0":
  version: 3.1.0
  resolution: "bytes@npm:3.1.0"
  checksum: 4810d53e395e3b5d2cd54df0f1b4433ac01670efee10d74785625fa8ca4ce364975f152ad13408c796aa925ccab2a14423bd56c9107837ab4a114853ab988a76
  languageName: node
  linkType: hard

"content-disposition@npm:0.5.3":
  version: 0.5.3
  resolution: "content-disposition@npm:0.5.3"
  dependencies:
    safe-buffer: 5.1.2
  checksum: 51df49e7899d9fba77f2ffe3a81f23eb8217d65e6f42d9ce2d1ad8bb2b56ae6d2a43d3d4ba670f4714ede4593f4ceed3c632943b6ea70a88b6f6d82498473a05
  languageName: node
  linkType: hard

"content-type@npm:~1.0.4":
  version: 1.0.4
  resolution: "content-type@npm:1.0.4"
  checksum: 05fb930c707de87506e0fcbce8f0fcb3f3e34e67abce3c7720959499488895245c9e743607ed382244ca8a6190f970ab43d081cdae28553a8e7cf56e3f8e3fd9
  languageName: node
  linkType: hard

"cookie-signature@npm:1.0.6":
  version: 1.0.6
  resolution: "cookie-signature@npm:1.0.6"
  checksum: ff2caf141b4e894ac0c48150b43a90582c6bcf27219a66f0da1cddfd751fe978a051343700a28a36f9801a944651227fc1e7baf15a7e1b3b92d6b68e0d951c0b
  languageName: node
  linkType: hard

"cookie@npm:0.4.0":
  version: 0.4.0
  resolution: "cookie@npm:0.4.0"
  checksum: 9284243f9ed99cb00d705892f41ce0ae243d06330a82f64eaabf65103448e7508e90d5be737701e4e786e39779672b6ce3a52061da21a6437c3533e89d4db3fd
  languageName: node
  linkType: hard

"core-util-is@npm:~1.0.0":
  version: 1.0.2
  resolution: "core-util-is@npm:1.0.2"
  checksum: b2aeb723279455a85125383b7067e66d650187adee4151b6587bc28d8334c9d5ebbc6e4bd6c344355191865e1add46fdec83f2a7f4d83889cfe7e586d9fd50b6
  languageName: node
  linkType: hard

"debug@npm:2.6.9":
  version: 2.6.9
  resolution: "debug@npm:2.6.9"
  dependencies:
    ms: 2.0.0
  checksum: 178d6da8132866882a69ee868c68eec1a27297c99a01d8afc72d4b9d8f4fea709bd29c6746be72b2466b2f7d2c29fd95f0b89a3f940df6ca22edc9edad0e804f
  languageName: node
  linkType: hard

"debug@npm:3.1.0":
  version: 3.1.0
  resolution: "debug@npm:3.1.0"
  dependencies:
    ms: 2.0.0
  checksum: 31ac62be845b3e2bc49ea566665749e58030123e6d0b2960cb7c730037dc825f46d012e3f63f43fc9d60de3c52edbce705d22cb7e571e2822c81bc5d5ae09da9
  languageName: node
  linkType: hard

"denque@npm:^1.4.1":
  version: 1.4.1
  resolution: "denque@npm:1.4.1"
  checksum: b64dc3a994e00cc73ae7b857b2b92d5875a6142f7c63f964ec2d16028ff41f9b434f8cb80b8e6f852a6711971733d00b2d8d8a8f2b9c1716a8dabda41d0421ec
  languageName: node
  linkType: hard

"depd@npm:~1.1.2":
  version: 1.1.2
  resolution: "depd@npm:1.1.2"
  checksum: 02a96eee42732cecda70432be01f7ac92cca924c73b9ad5c0c6c2e06883fcf4d3b92755c753c94e7530cfa33069a23e870194828d7da11fc7652f33bf79de00b
  languageName: node
  linkType: hard

"destroy@npm:~1.0.4":
  version: 1.0.4
  resolution: "destroy@npm:1.0.4"
  checksum: bc2f61513204e5c7fbc5b7780c626292f165a2481773a143075c8544e9150b6a46ef507cde3515e78ba22a62acf73894d1d6a894e0352bc059a6d644a141a2f0
  languageName: node
  linkType: hard

"ee-first@npm:1.1.1":
  version: 1.1.1
  resolution: "ee-first@npm:1.1.1"
  checksum: ea8cace46f8e217451f3ec571b2fac3b12cc0361a4ce82342df8b0fcff60501da08214af0f249e3c6792f0a375091d4a565ea7b84705e3c1f51fc65113240f6a
  languageName: node
  linkType: hard

"encodeurl@npm:~1.0.2":
  version: 1.0.2
  resolution: "encodeurl@npm:1.0.2"
  checksum: 56e6d3ef00224b1880060739447a9c2de2424850be0b9d63d4491d037449512fe252c24fcb287ada50be9079fa627d1795ec6ea2ce8946b4772f837ac3573df8
  languageName: node
  linkType: hard

"escape-html@npm:~1.0.3":
  version: 1.0.3
  resolution: "escape-html@npm:1.0.3"
  checksum: baa5a2fc8fdf3e2c3e586a687fc2fc6fe070a04cc6cc340fd4cae45fd664b8e7e147a3be7f6cbe353949ea10c71b016683c2c87c2a6c1f99f765ffd059feaec9
  languageName: node
  linkType: hard

"etag@npm:~1.8.1":
  version: 1.8.1
  resolution: "etag@npm:1.8.1"
  checksum: ec7760ce28ccbdc8cfe3bdba5902fb924359a9c018a5549d36cad7a343af849dc42fc513e59c80bcb73a3cb3509df98ac570415292d35c7fbb494a90181a85ce
  languageName: node
  linkType: hard

"express@npm:^4.17.1":
  version: 4.17.1
  resolution: "express@npm:4.17.1"
  dependencies:
    accepts: ~1.3.7
    array-flatten: 1.1.1
    body-parser: 1.19.0
    content-disposition: 0.5.3
    content-type: ~1.0.4
    cookie: 0.4.0
    cookie-signature: 1.0.6
    debug: 2.6.9
    depd: ~1.1.2
    encodeurl: ~1.0.2
    escape-html: ~1.0.3
    etag: ~1.8.1
    finalhandler: ~1.1.2
    fresh: 0.5.2
    merge-descriptors: 1.0.1
    methods: ~1.1.2
    on-finished: ~2.3.0
    parseurl: ~1.3.3
    path-to-regexp: 0.1.7
    proxy-addr: ~2.0.5
    qs: 6.7.0
    range-parser: ~1.2.1
    safe-buffer: 5.1.2
    send: 0.17.1
    serve-static: 1.14.1
    setprototypeof: 1.1.1
    statuses: ~1.5.0
    type-is: ~1.6.18
    utils-merge: 1.0.1
    vary: ~1.1.2
  checksum: 7d2ff8102b24f52483a3b576f9fb3f48a477d302be26ecb0ced7857458d9029c806370106567f437647a9477a444dbfdfafb5c7d9e2198eb8fe07b8edb6fedf7
  languageName: node
  linkType: hard

"finalhandler@npm:~1.1.2":
  version: 1.1.2
  resolution: "finalhandler@npm:1.1.2"
  dependencies:
    debug: 2.6.9
    encodeurl: ~1.0.2
    escape-html: ~1.0.3
    on-finished: ~2.3.0
    parseurl: ~1.3.3
    statuses: ~1.5.0
    unpipe: ~1.0.0
  checksum: 621e50ccbe8a9f4762ced7658ccf4c669c9b807478e63ade09f962c3ce20617f3775821a3a5db7765e1f5fc16f2265b4a61509adc06193583734f570cb6a5c97
  languageName: node
  linkType: hard

"forwarded@npm:~0.1.2":
  version: 0.1.2
  resolution: "forwarded@npm:0.1.2"
  checksum: 96e556b8855c8ef4bff21c5471fb12294fba6d3c665aad4b62cede291d985f739e7eeb4605d46db0dac6fa181349a997d2be8e17995ba9dd86d5dc7f7a818e5f
  languageName: node
  linkType: hard

"fresh@npm:0.5.2":
  version: 0.5.2
  resolution: "fresh@npm:0.5.2"
  checksum: ab13a40ed77036d504386d01d350b94d82e134f286fddd2d7f7267a98ecdc5873fa8ff53c4aad9c86bfcfbd74a8b5f32f2648120dd75d0c335662eca9cb9ad5b
  languageName: node
  linkType: hard

"http-errors@npm:1.7.2":
  version: 1.7.2
  resolution: "http-errors@npm:1.7.2"
  dependencies:
    depd: ~1.1.2
    inherits: 2.0.3
    setprototypeof: 1.1.1
    statuses: ">= 1.5.0 < 2"
    toidentifier: 1.0.0
  checksum: ee01a7035c20060e8c03021da6e788e33dcb49e253d552746a416dc0cb5ad8d755b10688b2fe8073fa9972d9bfe28b772fc016d012172468d82f797802e8b203
  languageName: node
  linkType: hard

"http-errors@npm:~1.7.2":
  version: 1.7.3
  resolution: "http-errors@npm:1.7.3"
  dependencies:
    depd: ~1.1.2
    inherits: 2.0.4
    setprototypeof: 1.1.1
    statuses: ">= 1.5.0 < 2"
    toidentifier: 1.0.0
  checksum: b5a969ae98de61bf5a5a51574390b6f1d8d623dbcb2bfc0ec5adb585a1babd134e9e3752aff235153e1efe972162b0dc2846533c68a62ced91c6d6c9b69f2db4
  languageName: node
  linkType: hard

"iconv-lite@npm:0.4.24":
  version: 0.4.24
  resolution: "iconv-lite@npm:0.4.24"
  dependencies:
    safer-buffer: ">= 2.1.2 < 3"
  checksum: c6a428001a93cc0b3680fed2301685f9a136df1a48b5bd06093d11005460c76c96b2ff7a7dc46444c24da6a64620a0c8297ae2ae4012a32fa31408c9411b8179
  languageName: node
  linkType: hard

"inherits@npm:2.0.3":
  version: 2.0.3
  resolution: "inherits@npm:2.0.3"
  checksum: 7e20ced2334a7f9ea37288769037a186377028a52827ef7fd9d6aeed1ee7466357428cd1cba376c517735ad93d15c295e406b3e29ee10729ab04955f45ec489b
  languageName: node
  linkType: hard

"inherits@npm:2.0.4, inherits@npm:~2.0.3":
  version: 2.0.4
  resolution: "inherits@npm:2.0.4"
  checksum: d11734fde3095ce63e83a4be33779c8597b0c95edec3efcadf9a78a9312a520028e25acb2d126656005791550f9f2e17de3ea6abeb026fa24627401e5e174d6c
  languageName: node
  linkType: hard

"ipaddr.js@npm:1.9.0":
  version: 1.9.0
  resolution: "ipaddr.js@npm:1.9.0"
  checksum: 1e81f673a61764d0411c1c1b919a08dd70b2a5090a6e08acaf42a868dd1717b4fa3a5c958c31512f6e177f12793c563a7c4b2cab21030ff1e32e22df6e29a3db
  languageName: node
  linkType: hard

"isarray@npm:~1.0.0":
  version: 1.0.0
  resolution: "isarray@npm:1.0.0"
  checksum: f82bc93a43f4344cbbab83bc40645f211e14ba2e1b696c75de07a6a6a16e6dc2bd45b60be0a4eedff281bbd7ca2de18801687d529470d3583cc39c432a9bd208
  languageName: node
  linkType: hard

"kareem@npm:2.3.1":
  version: 2.3.1
  resolution: "kareem@npm:2.3.1"
  checksum: 66e32ac20384da366dcf02cc420e61f37c7677de47ff80903d3f3bfdb899519a2b55d7f03ca4243316d8750328f4c13b32c69f8b7ad8564b1656b03f936e08fa
  languageName: node
  linkType: hard

"kittyAPI@workspace:.":
  version: 0.0.0-use.local
  resolution: "kittyAPI@workspace:."
  dependencies:
    express: ^4.17.1
    mongoose: ^5.9.2
  languageName: unknown
  linkType: soft

"media-typer@npm:0.3.0":
  version: 0.3.0
  resolution: "media-typer@npm:0.3.0"
  checksum: a557ca96d89ac7f56891db3abcc235742e03a52ba4d584b5c1c3f55fae01655a8df4aa1f237c8f29450f7b633e3c491563421c32fbd7abc36264f6d910c743b4
  languageName: node
  linkType: hard

"memory-pager@npm:^1.0.2":
  version: 1.5.0
  resolution: "memory-pager@npm:1.5.0"
  checksum: 8b63ceeb696770acd84f9b091c784e15fa7fe5d51bc0c59acb4437d91c2be92d260b52be3677eb15faa6d3b7b6af0fb9e2438b5167a7ee987af54d5e98bbb6f3
  languageName: node
  linkType: hard

"merge-descriptors@npm:1.0.1":
  version: 1.0.1
  resolution: "merge-descriptors@npm:1.0.1"
  checksum: 968d88eb49a3f9c64a4fcff4d986da2b92759472fb01d1c162e4ed202acb72c2ce065b4f09ae996cfd901efef4e0a3777dc54a7e37f9aed26072e6dd381058d7
  languageName: node
  linkType: hard

"methods@npm:~1.1.2":
  version: 1.1.2
  resolution: "methods@npm:1.1.2"
  checksum: e5c0e2bb30db968433acf5d6ea1d918ba67d2752e45f079727afe98c673f847385385a4efa07bce7a00e2016f6deee01efbefd0b5110dbd01e499b176082d3fa
  languageName: node
  linkType: hard

"mime-db@npm:1.43.0":
  version: 1.43.0
  resolution: "mime-db@npm:1.43.0"
  checksum: 6d5c57eb9a3c86956b4e0dd3b13bf250d90efe0516923a3c02acd6b0161794f0fd2e4afa67cbe7e855acaeca5c74217e0c6abfe9c4a16182eb2e0a100f390d55
  languageName: node
  linkType: hard

"mime-types@npm:~2.1.24":
  version: 2.1.26
  resolution: "mime-types@npm:2.1.26"
  dependencies:
    mime-db: 1.43.0
  checksum: b345c551288e8de46bb36628954f0c773289963ee77254d56feee314295a2eccb6dd165636c6e76732f4b893bb3ea743e91c0e24a1ca02046653718ec1142ada
  languageName: node
  linkType: hard

"mime@npm:1.6.0":
  version: 1.6.0
  resolution: "mime@npm:1.6.0"
  bin:
    mime: cli.js
  checksum: ac3dc5d97099c067a010769305330735b3b1fc0d1893f0a050c8fde428daab93a351fd3fec1dfdd10f6eb02682a94b0a690ca2f762c0dac32b82334f3e798176
  languageName: node
  linkType: hard

"mongodb@npm:3.5.3":
  version: 3.5.3
  resolution: "mongodb@npm:3.5.3"
  dependencies:
    bl: ^2.2.0
    bson: ^1.1.1
    denque: ^1.4.1
    require_optional: ^1.0.1
    safe-buffer: ^5.1.2
    saslprep: ^1.0.0
  dependenciesMeta:
    saslprep:
      optional: true
  checksum: d912d1bcc300c261009c58a62bbaf78760d4ffb554b06621a2ca1ffe6a479b3ac2c87075219d5cfa091af93a84cc630cee0c1223211a83dfb75ff48afdd52a24
  languageName: node
  linkType: hard

"mongoose-legacy-pluralize@npm:1.0.2":
  version: 1.0.2
  resolution: "mongoose-legacy-pluralize@npm:1.0.2"
  peerDependencies:
    mongoose: "*"
  checksum: f7b523849f44b8d55187612eda13927fa3a75cb44fc6ad94729eca71939f09a3c92630a2bb43600e35529ea97424a39b0465138d5edda6033ecd49eacd5b5a8b
  languageName: node
  linkType: hard

"mongoose@npm:5.9.2, mongoose@npm:^5.9.2":
  version: 5.9.2
  resolution: "mongoose@npm:5.9.2"
  dependencies:
    bson: ~1.1.1
    kareem: 2.3.1
    mongodb: 3.5.3
    mongoose-legacy-pluralize: 1.0.2
    mpath: 0.6.0
    mquery: 3.2.2
    ms: 2.1.2
    regexp-clone: 1.0.0
    safe-buffer: 5.1.2
    sift: 7.0.1
    sliced: 1.0.1
  checksum: 93beeff57c30c1e979f59b529f71acd08e0209f7bde6a727df255e8157e4793fa6e4d452455e14b4489cfe147ac511ed7a669b79abe3aca812fc237d9babb25c
  languageName: node
  linkType: hard

"mpath@npm:0.6.0":
  version: 0.6.0
  resolution: "mpath@npm:0.6.0"
  checksum: e7caa45500a133657a2b052f1e7b22f7e28e8545a09a4da2ec77a24db3ee818d7e55276562ee41eeba02947b0c67625da714e7b95e81398a7ff3c036866ca6b2
  languageName: node
  linkType: hard

"mquery@npm:3.2.2":
  version: 3.2.2
  resolution: "mquery@npm:3.2.2"
  dependencies:
    bluebird: 3.5.1
    debug: 3.1.0
    regexp-clone: ^1.0.0
    safe-buffer: 5.1.2
    sliced: 1.0.1
  checksum: ca1c470808d5ace9bb1d20570d9c58b0ec31f51dfb75f8f4a5f1cf5063f4338d6118ace13ce2795e8633dac2743950916768aad1670025f9e1ff2114eecabcf9
  languageName: node
  linkType: hard

"ms@npm:2.0.0":
  version: 2.0.0
  resolution: "ms@npm:2.0.0"
  checksum: 531c5c3f1d224510ab703166ad6883762bfbc0465c5b43dd8e2aa29e95ac141ca77e5704b7810d4c649d45580e9f78fa8febfe9ffec6a08424033f31089c83fd
  languageName: node
  linkType: hard

"ms@npm:2.1.1":
  version: 2.1.1
  resolution: "ms@npm:2.1.1"
  checksum: f6a582361bde460587db401d7c9ede3bfe00a2fbf3f02b4e230343ef7385263280eb4b6c86e28dc2a17d321225fceb606591b84b20b770e4e7e03d6f1d27eaab
  languageName: node
  linkType: hard

"ms@npm:2.1.2":
  version: 2.1.2
  resolution: "ms@npm:2.1.2"
  checksum: 2a3d955e5199024d4b18630ff47c21b52703a5e892615ae233486b8108f26b5493736009754263eebae765ab79d6e20327dad6e52d7843b689d404245e286549
  languageName: node
  linkType: hard

"negotiator@npm:0.6.2":
  version: 0.6.2
  resolution: "negotiator@npm:0.6.2"
  checksum: ba007b54f72a0718de14202b58203641805347db8c805d6edc69d3f369b02dd93f372aa26c90f28de21475e874e372f5de0ef581ab85ed0700a4d43185673832
  languageName: node
  linkType: hard

"on-finished@npm:~2.3.0":
  version: 2.3.0
  resolution: "on-finished@npm:2.3.0"
  dependencies:
    ee-first: 1.1.1
  checksum: a22fb45dade5cdc10ab0d0064a035dcb42f5cb6bb302da58c4a9db4e6b8a5042209da8644c9e020a81872be5259b5c0be3385979b3d5802591454181c64143eb
  languageName: node
  linkType: hard

"parseurl@npm:~1.3.3":
  version: 1.3.3
  resolution: "parseurl@npm:1.3.3"
  checksum: dce90b0503088ff4c51a9011955720d568359103e0e3775e1bf5d1c4f8d4c6b92a53810a60f15198337c1f4efec22ca68123c00591423b5d41263b5b2759186d
  languageName: node
  linkType: hard

"path-to-regexp@npm:0.1.7":
  version: 0.1.7
  resolution: "path-to-regexp@npm:0.1.7"
  checksum: 7b368efe426ab6f505a668e8bd7d3b801fb714e7af5cb4679819c76bc3b8d0bd6b4f791e77a88679907d8e6ecab357b36b10b9630ac28a65b572b6ec3fd4c676
  languageName: node
  linkType: hard

"process-nextick-args@npm:~2.0.0":
  version: 2.0.1
  resolution: "process-nextick-args@npm:2.0.1"
  checksum: 377ec5e917f1d61dbdf7dec109cb673ff6935b15735b11248f2078e56af14b1e735b6f0397e41813ab5fa1fa506d1ab161991f0737ddec98b6412e75b83c0806
  languageName: node
  linkType: hard

"proxy-addr@npm:~2.0.5":
  version: 2.0.5
  resolution: "proxy-addr@npm:2.0.5"
  dependencies:
    forwarded: ~0.1.2
    ipaddr.js: 1.9.0
  checksum: 92cb8fad5c3f69107bf500615289001334d9cfe1e1280131b6ef5e2cfe1a219991c77b3b696842dd10f77a248f0b4fda71677c41a87c68e63049944deb1ed81a
  languageName: node
  linkType: hard

"qs@npm:6.7.0":
  version: 6.7.0
  resolution: "qs@npm:6.7.0"
  checksum: 00917393bac59cda442020ca17fe8df9c176ca12c915b8475ab181c0d81e8cefc66d559af9287f47380d37a5188f95f8489300ff059514449982f3deed1fc52a
  languageName: node
  linkType: hard

"range-parser@npm:~1.2.1":
  version: 1.2.1
  resolution: "range-parser@npm:1.2.1"
  checksum: bb275debfeeecf3a3da38167e24356eb8c365914d2b3b76074d270553184c05b3fb85c27a6936c3abd57b2f6b5c0a57848e33227f32dd5295d2e18c4f79346b0
  languageName: node
  linkType: hard

"raw-body@npm:2.4.0":
  version: 2.4.0
  resolution: "raw-body@npm:2.4.0"
  dependencies:
    bytes: 3.1.0
    http-errors: 1.7.2
    iconv-lite: 0.4.24
    unpipe: 1.0.0
  checksum: 79f3fca0e5a077d3b37c6dac70bc6f1140219b2191455625642b32cc80b7d5d7497f7c0910e1b158c8d4413d6e0e7a47e21ea9ead493a8bc8a322c738573d150
  languageName: node
  linkType: hard

"readable-stream@npm:^2.3.5":
  version: 2.3.7
  resolution: "readable-stream@npm:2.3.7"
  dependencies:
    core-util-is: ~1.0.0
    inherits: ~2.0.3
    isarray: ~1.0.0
    process-nextick-args: ~2.0.0
    safe-buffer: ~5.1.1
    string_decoder: ~1.1.1
    util-deprecate: ~1.0.1
  checksum: db7e5f72c0cb5429d0b0ae1298dc77a3a1cc79bf448014c0dbd76d9baaaeb9452fd4b39481ea4c35cfef342558dc57e4f2ebd0acfb398da47b1d161e68d676ad
  languageName: node
  linkType: hard

"regexp-clone@npm:1.0.0, regexp-clone@npm:^1.0.0":
  version: 1.0.0
  resolution: "regexp-clone@npm:1.0.0"
  checksum: 96fa6d470dd0e0bc066ec0e49b435e77a376bb91b141777c1cbad097df60dd46ddd48cbccc49b4b50eba91af2ae56af24052a917aec605e016d98ac22f9642ae
  languageName: node
  linkType: hard

"require_optional@npm:^1.0.1":
  version: 1.0.1
  resolution: "require_optional@npm:1.0.1"
  dependencies:
    resolve-from: ^2.0.0
    semver: ^5.1.0
  checksum: a0daa6cc30ecebd548455d592305309909e9ed28ee3e66268d5348af4a3382a6ece44ddf2b6afa56918ed93665928c73d3b361242013fa848b267021c6d5af3b
  languageName: node
  linkType: hard

"resolve-from@npm:^2.0.0":
  version: 2.0.0
  resolution: "resolve-from@npm:2.0.0"
  checksum: c38664d001043dd2255b12a60a41c866585bb720c04774a006a4d802b0e5e49c117d24af3a21d1029ff9364e249d7b235b73f2ad91c0cbcfa5f523fc054aa07a
  languageName: node
  linkType: hard

"safe-buffer@npm:5.1.2, safe-buffer@npm:^5.1.1, safe-buffer@npm:^5.1.2, safe-buffer@npm:~5.1.0, safe-buffer@npm:~5.1.1":
  version: 5.1.2
  resolution: "safe-buffer@npm:5.1.2"
  checksum: 55f6e9116b875a5459a13fd1949d90ed6932f1c6fef70460896abcdf666852cb2119a12435ebbe823416ec49bc3fa5716ff2cc0dd36b9512631148e5113c145e
  languageName: node
  linkType: hard

"safer-buffer@npm:>= 2.1.2 < 3":
  version: 2.1.2
  resolution: "safer-buffer@npm:2.1.2"
  checksum: cfd3f4d7dc37db071c3b36c8e4315e3912e70f1a44c87936cafb6b3b15af362893ca02da703398fbbc299c1599fa49fca9ddda41ffd347adda417f988848dcf2
  languageName: node
  linkType: hard

"saslprep@npm:^1.0.0":
  version: 1.0.3
  resolution: "saslprep@npm:1.0.3"
  dependencies:
    sparse-bitfield: ^3.0.3
  checksum: f727f557d2d6e04d1a2ce1ca0b1c3dae2617d027aa079ddf507a8a0a753e05e49b7e73bb1514d3babf271dba25a29bfb50e1cec9176cdee2327a2de52996dde8
  languageName: node
  linkType: hard

"semver@npm:^5.1.0":
  version: 5.7.1
  resolution: "semver@npm:5.7.1"
  bin:
    semver: ./bin/semver
  checksum: dce4680e58a60e12fd7ec1f274635267206e466eaca54e3238f7c49baf33ba07aae8fe8f002a0cf6ec3e8c6f1ccbf158e8f59acc89c1777063e93eb239fe8b76
  languageName: node
  linkType: hard

"send@npm:0.17.1":
  version: 0.17.1
  resolution: "send@npm:0.17.1"
  dependencies:
    debug: 2.6.9
    depd: ~1.1.2
    destroy: ~1.0.4
    encodeurl: ~1.0.2
    escape-html: ~1.0.3
    etag: ~1.8.1
    fresh: 0.5.2
    http-errors: ~1.7.2
    mime: 1.6.0
    ms: 2.1.1
    on-finished: ~2.3.0
    range-parser: ~1.2.1
    statuses: ~1.5.0
  checksum: ae895afa58b4daf914bd992126308a51e960449090c8518ab394c62f84d30b57daa80f19a6060c06868a3982562732aa125d79b25c993878b9ae3219f3e868fb
  languageName: node
  linkType: hard

"serve-static@npm:1.14.1":
  version: 1.14.1
  resolution: "serve-static@npm:1.14.1"
  dependencies:
    encodeurl: ~1.0.2
    escape-html: ~1.0.3
    parseurl: ~1.3.3
    send: 0.17.1
  checksum: 4ea8c736546304788be47aa4cca032af76d8f877cdbcb2b934be517a99fb0ae5b22398a8a2a81382c1bf9edd5b764d0e035b92ca0b0c6464d0d8185ca0dc1ad9
  languageName: node
  linkType: hard

"setprototypeof@npm:1.1.1":
  version: 1.1.1
  resolution: "setprototypeof@npm:1.1.1"
  checksum: b2c43cc075cda6b20a16c8937169dc0401a04a61c567a89613df3bb54fb499cc971f36dc321592201a49c2355469e596e022e9d967e49c6f6c728b57b2737a6f
  languageName: node
  linkType: hard

"sift@npm:7.0.1":
  version: 7.0.1
  resolution: "sift@npm:7.0.1"
  checksum: 57fc0684da6b25814abf88850792d293315a3abd0e78d8e61d5e3ea5059532ad3add83418400c68eaea6b221367104bd1a1919cccd2c2ffb1fd9691cba2087cd
  languageName: node
  linkType: hard

"sliced@npm:1.0.1":
  version: 1.0.1
  resolution: "sliced@npm:1.0.1"
  checksum: 58a175b6054ab93be3de1ac8599506818e964b57d3cd07a4ed5d9040a0aa833594f0f53c37293269b6811f42a7e8088e3cd62066439afd5159bd4a641e026fa7
  languageName: node
  linkType: hard

"sparse-bitfield@npm:^3.0.3":
  version: 3.0.3
  resolution: "sparse-bitfield@npm:3.0.3"
  dependencies:
    memory-pager: ^1.0.2
  checksum: 4c24e038b1d0ac03d66e52aa39df84d28adfc2702a0f1a39c958c31e0a6ae022037b1af7bc43f42904b70d090918d5f7beeda738bdd4fbb4ee039d5ba4ebbf5d
  languageName: node
  linkType: hard

"statuses@npm:>= 1.5.0 < 2, statuses@npm:~1.5.0":
  version: 1.5.0
  resolution: "statuses@npm:1.5.0"
  checksum: f9d54c70e9abf0ea577d03e93c4dc13dd6d458740fd913ea6c53378f82638d518a69dee44d480606d4e443faacc19aac628ffabf066f6c88107eaa8b55e3854d
  languageName: node
  linkType: hard

"string_decoder@npm:~1.1.1":
  version: 1.1.1
  resolution: "string_decoder@npm:1.1.1"
  dependencies:
    safe-buffer: ~5.1.0
  checksum: 99ca1c4880b1098df6d25f59771f2ef2f1ca13ab6a239b050809d78501f5b8e1d00dcf85dc6153678784b13e990f5b1c634eead820114e32b342e40c1fe91713
  languageName: node
  linkType: hard

"toidentifier@npm:1.0.0":
  version: 1.0.0
  resolution: "toidentifier@npm:1.0.0"
  checksum: 77baf43c84297a1695a18fadf33cf52caa742d983304dc66a2faea4cdbfce1b56a36c15e8a0744b4d63f53f6770153f9392941cb8e60c556d41737b7741a548a
  languageName: node
  linkType: hard

"type-is@npm:~1.6.17, type-is@npm:~1.6.18":
  version: 1.6.18
  resolution: "type-is@npm:1.6.18"
  dependencies:
    media-typer: 0.3.0
    mime-types: ~2.1.24
  checksum: 3b24b0076092707b47d4beb06c47ddb3a0539d48d6ec3b6f471c47f98d5a7887dbc47c995fda6cfc29203dcc093aa65dcba88b4837c61a0e2744926f5730486e
  languageName: node
  linkType: hard

"unpipe@npm:1.0.0, unpipe@npm:~1.0.0":
  version: 1.0.0
  resolution: "unpipe@npm:1.0.0"
  checksum: 42b49dfde2a9131cc0f6ecd182c66c6ac4e1fb372683a665d131c33be0d009c5b8b76fd1ec4a7a1ec2afb43204e23c61c178a2c6124266d66fdb605ed5196739
  languageName: node
  linkType: hard

"util-deprecate@npm:~1.0.1":
  version: 1.0.2
  resolution: "util-deprecate@npm:1.0.2"
  checksum: 7bd691844e8e12f228777c3c718efaee35284c4422cf215f394fc2b56b5bbc8fef979fc1ab086e66f195227941270d7267c8105e871617f27fa292ec9fa83933
  languageName: node
  linkType: hard

"utils-merge@npm:1.0.1":
  version: 1.0.1
  resolution: "utils-merge@npm:1.0.1"
  checksum: e43eb20eac16d00e447f229a5ac271e39fd9e2b50eb09fde53140905d75f9ea6c2c644f80b221aec01cec633d45b5b8b31eb174896c3b18146b0d0a32697db5f
  languageName: node
  linkType: hard

"vary@npm:~1.1.2":
  version: 1.1.2
  resolution: "vary@npm:1.1.2"
  checksum: 09e07d2b27e4a8689e1af67a03ca4402aebc2c0e1bf72d1b17cdc9b136eccc4b543072db314fd4dea15f1462c9de2773ceecbd1271eef6506520171f6fc14430
  languageName: node
  linkType: hard
